
Microsoft Visual Studio Solution File, Format Version 12.00
# Visual Studio Version 16
VisualStudioVersion = 16.0.33529.622
MinimumVisualStudioVersion = 10.0.40219.1
Project("{FAE04EC0-301F-11D3-BF4B-00C04F79EFBC}") = "OVD_VistaVirtuals", "OVD_VistaVirtuals.csproj", "{093AD4E6-C3C2-4917-804E-5035866AACAA}"
EndProject
Global
	GlobalSection(SolutionConfigurationPlatforms) = preSolution
		Debug|Any CPU = Debug|Any CPU
		Release|Any CPU = Release|Any CPU
	EndGlobalSection
	GlobalSection(ProjectConfigurationPlatforms) = postSolution
		{093AD4E6-C3C2-4917-804E-5035866AACAA}.Debug|Any CPU.ActiveCfg = Debug|Any CPU
		{093AD4E6-C3C2-4917-804E-5035866AACAA}.Debug|Any CPU.Build.0 = Debug|Any CPU
		{093AD4E6-C3C2-4917-804E-5035866AACAA}.Release|Any CPU.ActiveCfg = Release|Any CPU
		{093AD4E6-C3C2-4917-804E-5035866AACAA}.Release|Any CPU.Build.0 = Release|Any CPU
	EndGlobalSection
	GlobalSection(SolutionProperties) = preSolution
		HideSolutionNode = FALSE
	EndGlobalSection
	GlobalSection(ExtensibilityGlobals) = postSolution
		SolutionGuid = {EF111549-7D68-46A0-B99A-CC0851DBC19C}
	EndGlobalSection
EndGlobal
